
Microsoft Visual Studio Solution File, Format Version 12.00
# Visual Studio Version 17
VisualStudioVersion = 17.4.33213.308
MinimumVisualStudioVersion = 10.0.40219.1
Project("{FAE04EC0-301F-11D3-BF4B-00C04F79EFBC}") = "NetworkingLibrary", "NetworkingLibrary\NetworkingLibrary.csproj", "{184F7C0E-1794-48D2-B7F5-7292905438EC}"
EndProject
Global
	GlobalSection(SolutionConfigurationPlatforms) = preSolution
		Debug|Any CPU = Debug|Any CPU
		Release|Any CPU = Release|Any CPU
	EndGlobalSection
	GlobalSection(ProjectConfigurationPlatforms) = postSolution
		{184F7C0E-1794-48D2-B7F5-7292905438EC}.Debug|Any CPU.ActiveCfg = Debug|Any CPU
		{184F7C0E-1794-48D2-B7F5-7292905438EC}.Debug|Any CPU.Build.0 = Debug|Any CPU
		{184F7C0E-1794-48D2-B7F5-7292905438EC}.Release|Any CPU.ActiveCfg = Release|Any CPU
		{184F7C0E-1794-48D2-B7F5-7292905438EC}.Release|Any CPU.Build.0 = Release|Any CPU
	EndGlobalSection
	GlobalSection(SolutionProperties) = preSolution
		HideSolutionNode = FALSE
	EndGlobalSection
	GlobalSection(ExtensibilityGlobals) = postSolution
		SolutionGuid = {CDFFB48B-96CF-48FD-9DE1-1D65D1906480}
	EndGlobalSection
EndGlobal
